
Microsoft Visual Studio Solution File, Format Version 12.00
# Visual Studio Version 17
VisualStudioVersion = 17.7.34031.279
MinimumVisualStudioVersion = 10.0.40219.1
Project("{9A19103F-16F7-4668-BE54-9A1E7A4F7556}") = "WebApplication1", "WebApplication1\WebApplication1.csproj", "{EECD8F7F-6269-4B27-9E62-AABD5CFF7F09}"
EndProject
Project("{FAE04EC0-301F-11D3-BF4B-00C04F79EFBC}") = "ProductsMVC", "ProductsMVC\ProductsMVC.csproj", "{A9F14996-A2FD-4D7D-8169-72430DE9898C}"
EndProject
Global
	GlobalSection(SolutionConfigurationPlatforms) = preSolution
		Debug|Any CPU = Debug|Any CPU
		Release|Any CPU = Release|Any CPU
	EndGlobalSection
	GlobalSection(ProjectConfigurationPlatforms) = postSolution
		{EECD8F7F-6269-4B27-9E62-AABD5CFF7F09}.Debug|Any CPU.ActiveCfg = Debug|Any CPU
		{EECD8F7F-6269-4B27-9E62-AABD5CFF7F09}.Debug|Any CPU.Build.0 = Debug|Any CPU
		{EECD8F7F-6269-4B27-9E62-AABD5CFF7F09}.Release|Any CPU.ActiveCfg = Release|Any CPU
		{EECD8F7F-6269-4B27-9E62-AABD5CFF7F09}.Release|Any CPU.Build.0 = Release|Any CPU
		{A9F14996-A2FD-4D7D-8169-72430DE9898C}.Debug|Any CPU.ActiveCfg = Debug|Any CPU
		{A9F14996-A2FD-4D7D-8169-72430DE9898C}.Debug|Any CPU.Build.0 = Debug|Any CPU
		{A9F14996-A2FD-4D7D-8169-72430DE9898C}.Release|Any CPU.ActiveCfg = Release|Any CPU
		{A9F14996-A2FD-4D7D-8169-72430DE9898C}.Release|Any CPU.Build.0 = Release|Any CPU
	EndGlobalSection
	GlobalSection(SolutionProperties) = preSolution
		HideSolutionNode = FALSE
	EndGlobalSection
	GlobalSection(ExtensibilityGlobals) = postSolution
		SolutionGuid = {D6C94308-B7F2-4250-AA71-1D52E6C7D1DB}
	EndGlobalSection
EndGlobal
